
Microsoft Visual Studio Solution File, Format Version 12.00
# Visual Studio Version 17
VisualStudioVersion = 17.8.34330.188
MinimumVisualStudioVersion = 10.0.40219.1
Project("{FAE04EC0-301F-11D3-BF4B-00C04F79EFBC}") = "HankakuJigoku", "HankakuJigoku\HankakuJigoku.csproj", "{28581AB6-08C3-474A-BEE6-280102D28F25}"
EndProject
Global
	GlobalSection(SolutionConfigurationPlatforms) = preSolution
		Debug|Any CPU = Debug|Any CPU
		Release|Any CPU = Release|Any CPU
	EndGlobalSection
	GlobalSection(ProjectConfigurationPlatforms) = postSolution
		{28581AB6-08C3-474A-BEE6-280102D28F25}.Debug|Any CPU.ActiveCfg = Debug|Any CPU
		{28581AB6-08C3-474A-BEE6-280102D28F25}.Debug|Any CPU.Build.0 = Debug|Any CPU
		{28581AB6-08C3-474A-BEE6-280102D28F25}.Release|Any CPU.ActiveCfg = Release|Any CPU
		{28581AB6-08C3-474A-BEE6-280102D28F25}.Release|Any CPU.Build.0 = Release|Any CPU
	EndGlobalSection
	GlobalSection(SolutionProperties) = preSolution
		HideSolutionNode = FALSE
	EndGlobalSection
	GlobalSection(ExtensibilityGlobals) = postSolution
		SolutionGuid = {0B17E222-08B4-496A-AE7D-5DC4E08D17D0}
	EndGlobalSection
EndGlobal
